
Microsoft Visual Studio Solution File, Format Version 12.00
# Visual Studio Version 16
VisualStudioVersion = 16.0.28803.202
MinimumVisualStudioVersion = 10.0.40219.1
Project("{FAE04EC0-301F-11D3-BF4B-00C04F79EFBC}") = "GamePx", "GamePx\GamePx.csproj", "{4E05C15F-1761-4D59-98DF-43AD9CDC9316}"
EndProject
Global
	GlobalSection(SolutionConfigurationPlatforms) = preSolution
		Debug|Any CPU = Debug|Any CPU
		Release|Any CPU = Release|Any CPU
	EndGlobalSection
	GlobalSection(ProjectConfigurationPlatforms) = postSolution
		{4E05C15F-1761-4D59-98DF-43AD9CDC9316}.Debug|Any CPU.ActiveCfg = Debug|Any CPU
		{4E05C15F-1761-4D59-98DF-43AD9CDC9316}.Debug|Any CPU.Build.0 = Debug|Any CPU
		{4E05C15F-1761-4D59-98DF-43AD9CDC9316}.Release|Any CPU.ActiveCfg = Release|Any CPU
		{4E05C15F-1761-4D59-98DF-43AD9CDC9316}.Release|Any CPU.Build.0 = Release|Any CPU
	EndGlobalSection
	GlobalSection(SolutionProperties) = preSolution
		HideSolutionNode = FALSE
	EndGlobalSection
	GlobalSection(ExtensibilityGlobals) = postSolution
		SolutionGuid = {0F9B0102-B17F-4B8C-9AD9-A6CCC49B5B12}
	EndGlobalSection
EndGlobal
